
Microsoft Visual Studio Solution File, Format Version 11.00
# Visual Studio 2010
Project("{FAE04EC0-301F-11D3-BF4B-00C04F79EFBC}") = "Asteroid Outpost", "Asteroid Outpost.csproj", "{3E84C120-1C2F-4F21-A1F9-63A18FFC30A6}"
EndProject
Project("{FAE04EC0-301F-11D3-BF4B-00C04F79EFBC}") = "QuadTree", "..\QuadTree\QuadTree.csproj", "{FE3B63BD-7671-43EA-B2CA-04BAC399FEB9}"
EndProject
Project("{FAE04EC0-301F-11D3-BF4B-00C04F79EFBC}") = "Primitives2D", "..\Primitives2D\Primitives2D.csproj", "{39AD1482-1881-4852-A05D-DC61B0D3446A}"
EndProject
Project("{FAE04EC0-301F-11D3-BF4B-00C04F79EFBC}") = "Asteroid OutpostContent", "Content\Asteroid OutpostContent.contentproj", "{D5E6C1BE-DDF9-4FE0-9ADF-7957DB9BC883}"
EndProject
Project("{FAE04EC0-301F-11D3-BF4B-00C04F79EFBC}") = "QuadTreeNormalUsageExample", "..\QuadTree\QuadTreeNormalUsageExample\QuadTreeNormalUsageExample.csproj", "{042E291D-90C1-4817-B48E-33B128814DB8}"
EndProject
Project("{FAE04EC0-301F-11D3-BF4B-00C04F79EFBC}") = "QuadTreePerformanceTester", "..\QuadTree\QuadTreePerformanceTester\QuadTreePerformanceTester.csproj", "{9D108D81-8869-4345-8283-50264049C06C}"
EndProject
Project("{FAE04EC0-301F-11D3-BF4B-00C04F79EFBC}") = "QuadTreeUnitTests", "..\QuadTree\QuadTreeUnitTests\QuadTreeUnitTests.csproj", "{884B2D33-6640-4803-84D3-5A7EDE0B84AF}"
EndProject
Project("{FAE04EC0-301F-11D3-BF4B-00C04F79EFBC}") = "QuadTreeVisualTest", "..\QuadTree\QuadTreeVisualTest\QuadTreeVisualTest.csproj", "{776E09CC-C322-4102-8A43-58F4B1B0E525}"
EndProject
Project("{FAE04EC0-301F-11D3-BF4B-00C04F79EFBC}") = "QuadTreeNormalUsageExampleContent", "..\QuadTree\QuadTreeNormalUsageExample\Content\QuadTreeNormalUsageExampleContent.contentproj", "{76C468BF-88E9-4566-A430-71D0C77462DA}"
EndProject
Project("{FAE04EC0-301F-11D3-BF4B-00C04F79EFBC}") = "QuadTreeVisualTestContent", "..\QuadTree\QuadTreeVisualTest\Content\QuadTreeVisualTestContent.contentproj", "{E3D34B63-D34E-492D-AE3A-87C53E719A5C}"
EndProject
Project("{FAE04EC0-301F-11D3-BF4B-00C04F79EFBC}") = "XNASpriteLib", "..\XNASpriteLib\XNASpriteLib.csproj", "{1C2746A5-941A-45A4-88ED-149ACED08984}"
EndProject
Project("{FAE04EC0-301F-11D3-BF4B-00C04F79EFBC}") = "XNASpriteLibVisualTest", "..\XNASpriteLib\SpriteLibVisualTest\XNASpriteLibVisualTest.csproj", "{1AA1F8D6-1F77-44BF-8E6D-DCE4261F62D4}"
EndProject
Project("{FAE04EC0-301F-11D3-BF4B-00C04F79EFBC}") = "XNASpriteLibVisualTestContent", "..\XNASpriteLib\SpriteLibVisualTest\Content\XNASpriteLibVisualTestContent.contentproj", "{D30B070A-90AB-4613-9DBF-E099E5A9F367}"
EndProject
Project("{FAE04EC0-301F-11D3-BF4B-00C04F79EFBC}") = "AwesomiumXNA", "..\AwesomiumXNA\AwesomiumXNA\AwesomiumXNA.csproj", "{251BCEDB-CC58-4266-B087-6D404A4A1785}"
EndProject
Project("{FAE04EC0-301F-11D3-BF4B-00C04F79EFBC}") = "AwesomiumSampleContent", "..\AwesomiumXNA\AwesomiumSample\AwesomiumSampleContent\AwesomiumSampleContent.contentproj", "{E0213B35-D1FE-49A4-8A68-8A8413BF96FF}"
EndProject
Project("{FAE04EC0-301F-11D3-BF4B-00C04F79EFBC}") = "AwesomiumSample", "..\AwesomiumXNA\AwesomiumSample\AwesomiumSample\AwesomiumSample.csproj", "{D22CD207-C59E-49BE-84C1-16E82ABB9B95}"
EndProject
Global
	GlobalSection(SolutionConfigurationPlatforms) = preSolution
		Debug Monitor 2|Any CPU = Debug Monitor 2|Any CPU
		Debug Monitor 2|Mixed Platforms = Debug Monitor 2|Mixed Platforms
		Debug Monitor 2|x86 = Debug Monitor 2|x86
		Debug|Any CPU = Debug|Any CPU
		Debug|Mixed Platforms = Debug|Mixed Platforms
		Debug|x86 = Debug|x86
		Release|Any CPU = Release|Any CPU
		Release|Mixed Platforms = Release|Mixed Platforms
		Release|x86 = Release|x86
	EndGlobalSection
	GlobalSection(ProjectConfigurationPlatforms) = postSolution
		{3E84C120-1C2F-4F21-A1F9-63A18FFC30A6}.Debug Monitor 2|Any CPU.ActiveCfg = Debug Monitor 2|x86
		{3E84C120-1C2F-4F21-A1F9-63A18FFC30A6}.Debug Monitor 2|Mixed Platforms.ActiveCfg = Debug Monitor 2|x86
		{3E84C120-1C2F-4F21-A1F9-63A18FFC30A6}.Debug Monitor 2|Mixed Platforms.Build.0 = Debug Monitor 2|x86
		{3E84C120-1C2F-4F21-A1F9-63A18FFC30A6}.Debug Monitor 2|x86.ActiveCfg = Debug Monitor 2|x86
		{3E84C120-1C2F-4F21-A1F9-63A18FFC30A6}.Debug Monitor 2|x86.Build.0 = Debug Monitor 2|x86
		{3E84C120-1C2F-4F21-A1F9-63A18FFC30A6}.Debug|Any CPU.ActiveCfg = Debug|x86
		{3E84C120-1C2F-4F21-A1F9-63A18FFC30A6}.Debug|Mixed Platforms.ActiveCfg = Debug|x86
		{3E84C120-1C2F-4F21-A1F9-63A18FFC30A6}.Debug|Mixed Platforms.Build.0 = Debug|x86
		{3E84C120-1C2F-4F21-A1F9-63A18FFC30A6}.Debug|x86.ActiveCfg = Debug|x86
		{3E84C120-1C2F-4F21-A1F9-63A18FFC30A6}.Debug|x86.Build.0 = Debug|x86
		{3E84C120-1C2F-4F21-A1F9-63A18FFC30A6}.Release|Any CPU.ActiveCfg = Release|x86
		{3E84C120-1C2F-4F21-A1F9-63A18FFC30A6}.Release|Mixed Platforms.ActiveCfg = Release|x86
		{3E84C120-1C2F-4F21-A1F9-63A18FFC30A6}.Release|Mixed Platforms.Build.0 = Release|x86
		{3E84C120-1C2F-4F21-A1F9-63A18FFC30A6}.Release|x86.ActiveCfg = Release|x86
		{3E84C120-1C2F-4F21-A1F9-63A18FFC30A6}.Release|x86.Build.0 = Release|x86
		{FE3B63BD-7671-43EA-B2CA-04BAC399FEB9}.Debug Monitor 2|Any CPU.ActiveCfg = Debug|Any CPU
		{FE3B63BD-7671-43EA-B2CA-04BAC399FEB9}.Debug Monitor 2|Any CPU.Build.0 = Debug|Any CPU
		{FE3B63BD-7671-43EA-B2CA-04BAC399FEB9}.Debug Monitor 2|Mixed Platforms.ActiveCfg = Debug|Any CPU
		{FE3B63BD-7671-43EA-B2CA-04BAC399FEB9}.Debug Monitor 2|Mixed Platforms.Build.0 = Debug|Any CPU
		{FE3B63BD-7671-43EA-B2CA-04BAC399FEB9}.Debug Monitor 2|x86.ActiveCfg = Debug|Any CPU
		{FE3B63BD-7671-43EA-B2CA-04BAC399FEB9}.Debug Monitor 2|x86.Build.0 = Debug|Any CPU
		{FE3B63BD-7671-43EA-B2CA-04BAC399FEB9}.Debug|Any CPU.ActiveCfg = Debug|Any CPU
		{FE3B63BD-7671-43EA-B2CA-04BAC399FEB9}.Debug|Any CPU.Build.0 = Debug|Any CPU
		{FE3B63BD-7671-43EA-B2CA-04BAC399FEB9}.Debug|Mixed Platforms.ActiveCfg = Debug|Any CPU
		{FE3B63BD-7671-43EA-B2CA-04BAC399FEB9}.Debug|Mixed Platforms.Build.0 = Debug|Any CPU
		{FE3B63BD-7671-43EA-B2CA-04BAC399FEB9}.Debug|x86.ActiveCfg = Debug|Any CPU
		{FE3B63BD-7671-43EA-B2CA-04BAC399FEB9}.Debug|x86.Build.0 = Debug|Any CPU
		{FE3B63BD-7671-43EA-B2CA-04BAC399FEB9}.Release|Any CPU.ActiveCfg = Release|Any CPU
		{FE3B63BD-7671-43EA-B2CA-04BAC399FEB9}.Release|Any CPU.Build.0 = Release|Any CPU
		{FE3B63BD-7671-43EA-B2CA-04BAC399FEB9}.Release|Mixed Platforms.ActiveCfg = Release|Any CPU
		{FE3B63BD-7671-43EA-B2CA-04BAC399FEB9}.Release|Mixed Platforms.Build.0 = Release|Any CPU
		{FE3B63BD-7671-43EA-B2CA-04BAC399FEB9}.Release|x86.ActiveCfg = Release|Any CPU
		{FE3B63BD-7671-43EA-B2CA-04BAC399FEB9}.Release|x86.Build.0 = Release|Any CPU
		{39AD1482-1881-4852-A05D-DC61B0D3446A}.Debug Monitor 2|Any CPU.ActiveCfg = Debug|Any CPU
		{39AD1482-1881-4852-A05D-DC61B0D3446A}.Debug Monitor 2|Any CPU.Build.0 = Debug|Any CPU
		{39AD1482-1881-4852-A05D-DC61B0D3446A}.Debug Monitor 2|Mixed Platforms.ActiveCfg = Debug|Any CPU
		{39AD1482-1881-4852-A05D-DC61B0D3446A}.Debug Monitor 2|Mixed Platforms.Build.0 = Debug|Any CPU
		{39AD1482-1881-4852-A05D-DC61B0D3446A}.Debug Monitor 2|x86.ActiveCfg = Debug|Any CPU
		{39AD1482-1881-4852-A05D-DC61B0D3446A}.Debug Monitor 2|x86.Build.0 = Debug|Any CPU
		{39AD1482-1881-4852-A05D-DC61B0D3446A}.Debug|Any CPU.ActiveCfg = Debug|Any CPU
		{39AD1482-1881-4852-A05D-DC61B0D3446A}.Debug|Any CPU.Build.0 = Debug|Any CPU
		{39AD1482-1881-4852-A05D-DC61B0D3446A}.Debug|Mixed Platforms.ActiveCfg = Debug|Any CPU
		{39AD1482-1881-4852-A05D-DC61B0D3446A}.Debug|Mixed Platforms.Build.0 = Debug|Any CPU
		{39AD1482-1881-4852-A05D-DC61B0D3446A}.Debug|x86.ActiveCfg = Debug|Any CPU
		{39AD1482-1881-4852-A05D-DC61B0D3446A}.Debug|x86.Build.0 = Debug|Any CPU
		{39AD1482-1881-4852-A05D-DC61B0D3446A}.Release|Any CPU.ActiveCfg = Release|Any CPU
		{39AD1482-1881-4852-A05D-DC61B0D3446A}.Release|Any CPU.Build.0 = Release|Any CPU
		{39AD1482-1881-4852-A05D-DC61B0D3446A}.Release|Mixed Platforms.ActiveCfg = Release|Any CPU
		{39AD1482-1881-4852-A05D-DC61B0D3446A}.Release|Mixed Platforms.Build.0 = Release|Any CPU
		{39AD1482-1881-4852-A05D-DC61B0D3446A}.Release|x86.ActiveCfg = Release|Any CPU
		{39AD1482-1881-4852-A05D-DC61B0D3446A}.Release|x86.Build.0 = Release|Any CPU
		{D5E6C1BE-DDF9-4FE0-9ADF-7957DB9BC883}.Debug Monitor 2|Any CPU.ActiveCfg = Debug|x86
		{D5E6C1BE-DDF9-4FE0-9ADF-7957DB9BC883}.Debug Monitor 2|Mixed Platforms.ActiveCfg = Debug|x86
		{D5E6C1BE-DDF9-4FE0-9ADF-7957DB9BC883}.Debug Monitor 2|x86.ActiveCfg = Debug|x86
		{D5E6C1BE-DDF9-4FE0-9ADF-7957DB9BC883}.Debug|Any CPU.ActiveCfg = Debug|x86
		{D5E6C1BE-DDF9-4FE0-9ADF-7957DB9BC883}.Debug|Mixed Platforms.ActiveCfg = Debug|x86
		{D5E6C1BE-DDF9-4FE0-9ADF-7957DB9BC883}.Debug|x86.ActiveCfg = Debug|x86
		{D5E6C1BE-DDF9-4FE0-9ADF-7957DB9BC883}.Release|Any CPU.ActiveCfg = Release|x86
		{D5E6C1BE-DDF9-4FE0-9ADF-7957DB9BC883}.Release|Mixed Platforms.ActiveCfg = Release|x86
		{D5E6C1BE-DDF9-4FE0-9ADF-7957DB9BC883}.Release|x86.ActiveCfg = Release|x86
		{042E291D-90C1-4817-B48E-33B128814DB8}.Debug Monitor 2|Any CPU.ActiveCfg = Debug|x86
		{042E291D-90C1-4817-B48E-33B128814DB8}.Debug Monitor 2|Mixed Platforms.ActiveCfg = Debug|x86
		{042E291D-90C1-4817-B48E-33B128814DB8}.Debug Monitor 2|Mixed Platforms.Build.0 = Debug|x86
		{042E291D-90C1-4817-B48E-33B128814DB8}.Debug Monitor 2|x86.ActiveCfg = Debug|x86
		{042E291D-90C1-4817-B48E-33B128814DB8}.Debug Monitor 2|x86.Build.0 = Debug|x86
		{042E291D-90C1-4817-B48E-33B128814DB8}.Debug|Any CPU.ActiveCfg = Debug|x86
		{042E291D-90C1-4817-B48E-33B128814DB8}.Debug|Mixed Platforms.ActiveCfg = Debug|x86
		{042E291D-90C1-4817-B48E-33B128814DB8}.Debug|Mixed Platforms.Build.0 = Debug|x86
		{042E291D-90C1-4817-B48E-33B128814DB8}.Debug|x86.ActiveCfg = Debug|x86
		{042E291D-90C1-4817-B48E-33B128814DB8}.Debug|x86.Build.0 = Debug|x86
		{042E291D-90C1-4817-B48E-33B128814DB8}.Release|Any CPU.ActiveCfg = Release|x86
		{042E291D-90C1-4817-B48E-33B128814DB8}.Release|Mixed Platforms.ActiveCfg = Release|x86
		{042E291D-90C1-4817-B48E-33B128814DB8}.Release|Mixed Platforms.Build.0 = Release|x86
		{042E291D-90C1-4817-B48E-33B128814DB8}.Release|x86.ActiveCfg = Release|x86
		{042E291D-90C1-4817-B48E-33B128814DB8}.Release|x86.Build.0 = Release|x86
		{9D108D81-8869-4345-8283-50264049C06C}.Debug Monitor 2|Any CPU.ActiveCfg = Debug|Any CPU
		{9D108D81-8869-4345-8283-50264049C06C}.Debug Monitor 2|Any CPU.Build.0 = Debug|Any CPU
		{9D108D81-8869-4345-8283-50264049C06C}.Debug Monitor 2|Mixed Platforms.ActiveCfg = Debug|Any CPU
		{9D108D81-8869-4345-8283-50264049C06C}.Debug Monitor 2|Mixed Platforms.Build.0 = Debug|Any CPU
		{9D108D81-8869-4345-8283-50264049C06C}.Debug Monitor 2|x86.ActiveCfg = Debug|Any CPU
		{9D108D81-8869-4345-8283-50264049C06C}.Debug|Any CPU.ActiveCfg = Debug|Any CPU
		{9D108D81-8869-4345-8283-50264049C06C}.Debug|Any CPU.Build.0 = Debug|Any CPU
		{9D108D81-8869-4345-8283-50264049C06C}.Debug|Mixed Platforms.ActiveCfg = Debug|Any CPU
		{9D108D81-8869-4345-8283-50264049C06C}.Debug|Mixed Platforms.Build.0 = Debug|Any CPU
		{9D108D81-8869-4345-8283-50264049C06C}.Debug|x86.ActiveCfg = Debug|Any CPU
		{9D108D81-8869-4345-8283-50264049C06C}.Release|Any CPU.ActiveCfg = Release|Any CPU
		{9D108D81-8869-4345-8283-50264049C06C}.Release|Any CPU.Build.0 = Release|Any CPU
		{9D108D81-8869-4345-8283-50264049C06C}.Release|Mixed Platforms.ActiveCfg = Release|Any CPU
		{9D108D81-8869-4345-8283-50264049C06C}.Release|Mixed Platforms.Build.0 = Release|Any CPU
		{9D108D81-8869-4345-8283-50264049C06C}.Release|x86.ActiveCfg = Release|Any CPU
		{884B2D33-6640-4803-84D3-5A7EDE0B84AF}.Debug Monitor 2|Any CPU.ActiveCfg = Debug|Any CPU
		{884B2D33-6640-4803-84D3-5A7EDE0B84AF}.Debug Monitor 2|Any CPU.Build.0 = Debug|Any CPU
		{884B2D33-6640-4803-84D3-5A7EDE0B84AF}.Debug Monitor 2|Mixed Platforms.ActiveCfg = Debug|Any CPU
		{884B2D33-6640-4803-84D3-5A7EDE0B84AF}.Debug Monitor 2|Mixed Platforms.Build.0 = Debug|Any CPU
		{884B2D33-6640-4803-84D3-5A7EDE0B84AF}.Debug Monitor 2|x86.ActiveCfg = Debug|Any CPU
		{884B2D33-6640-4803-84D3-5A7EDE0B84AF}.Debug|Any CPU.ActiveCfg = Debug|Any CPU
		{884B2D33-6640-4803-84D3-5A7EDE0B84AF}.Debug|Any CPU.Build.0 = Debug|Any CPU
		{884B2D33-6640-4803-84D3-5A7EDE0B84AF}.Debug|Mixed Platforms.ActiveCfg = Debug|Any CPU
		{884B2D33-6640-4803-84D3-5A7EDE0B84AF}.Debug|Mixed Platforms.Build.0 = Debug|Any CPU
		{884B2D33-6640-4803-84D3-5A7EDE0B84AF}.Debug|x86.ActiveCfg = Debug|Any CPU
		{884B2D33-6640-4803-84D3-5A7EDE0B84AF}.Release|Any CPU.ActiveCfg = Release|Any CPU
		{884B2D33-6640-4803-84D3-5A7EDE0B84AF}.Release|Any CPU.Build.0 = Release|Any CPU
		{884B2D33-6640-4803-84D3-5A7EDE0B84AF}.Release|Mixed Platforms.ActiveCfg = Release|Any CPU
		{884B2D33-6640-4803-84D3-5A7EDE0B84AF}.Release|Mixed Platforms.Build.0 = Release|Any CPU
		{884B2D33-6640-4803-84D3-5A7EDE0B84AF}.Release|x86.ActiveCfg = Release|Any CPU
		{776E09CC-C322-4102-8A43-58F4B1B0E525}.Debug Monitor 2|Any CPU.ActiveCfg = Debug|x86
		{776E09CC-C322-4102-8A43-58F4B1B0E525}.Debug Monitor 2|Mixed Platforms.ActiveCfg = Debug|x86
		{776E09CC-C322-4102-8A43-58F4B1B0E525}.Debug Monitor 2|Mixed Platforms.Build.0 = Debug|x86
		{776E09CC-C322-4102-8A43-58F4B1B0E525}.Debug Monitor 2|x86.ActiveCfg = Debug|x86
		{776E09CC-C322-4102-8A43-58F4B1B0E525}.Debug Monitor 2|x86.Build.0 = Debug|x86
		{776E09CC-C322-4102-8A43-58F4B1B0E525}.Debug|Any CPU.ActiveCfg = Debug|x86
		{776E09CC-C322-4102-8A43-58F4B1B0E525}.Debug|Mixed Platforms.ActiveCfg = Debug|x86
		{776E09CC-C322-4102-8A43-58F4B1B0E525}.Debug|Mixed Platforms.Build.0 = Debug|x86
		{776E09CC-C322-4102-8A43-58F4B1B0E525}.Debug|x86.ActiveCfg = Debug|x86
		{776E09CC-C322-4102-8A43-58F4B1B0E525}.Debug|x86.Build.0 = Debug|x86
		{776E09CC-C322-4102-8A43-58F4B1B0E525}.Release|Any CPU.ActiveCfg = Release|x86
		{776E09CC-C322-4102-8A43-58F4B1B0E525}.Release|Mixed Platforms.ActiveCfg = Release|x86
		{776E09CC-C322-4102-8A43-58F4B1B0E525}.Release|Mixed Platforms.Build.0 = Release|x86
		{776E09CC-C322-4102-8A43-58F4B1B0E525}.Release|x86.ActiveCfg = Release|x86
		{776E09CC-C322-4102-8A43-58F4B1B0E525}.Release|x86.Build.0 = Release|x86
		{76C468BF-88E9-4566-A430-71D0C77462DA}.Debug Monitor 2|Any CPU.ActiveCfg = Debug|x86
		{76C468BF-88E9-4566-A430-71D0C77462DA}.Debug Monitor 2|Mixed Platforms.ActiveCfg = Debug|x86
		{76C468BF-88E9-4566-A430-71D0C77462DA}.Debug Monitor 2|x86.ActiveCfg = Debug|x86
		{76C468BF-88E9-4566-A430-71D0C77462DA}.Debug|Any CPU.ActiveCfg = Debug|x86
		{76C468BF-88E9-4566-A430-71D0C77462DA}.Debug|Mixed Platforms.ActiveCfg = Debug|x86
		{76C468BF-88E9-4566-A430-71D0C77462DA}.Debug|x86.ActiveCfg = Debug|x86
		{76C468BF-88E9-4566-A430-71D0C77462DA}.Release|Any CPU.ActiveCfg = Release|x86
		{76C468BF-88E9-4566-A430-71D0C77462DA}.Release|Mixed Platforms.ActiveCfg = Release|x86
		{76C468BF-88E9-4566-A430-71D0C77462DA}.Release|x86.ActiveCfg = Release|x86
		{E3D34B63-D34E-492D-AE3A-87C53E719A5C}.Debug Monitor 2|Any CPU.ActiveCfg = Debug|x86
		{E3D34B63-D34E-492D-AE3A-87C53E719A5C}.Debug Monitor 2|Mixed Platforms.ActiveCfg = Debug|x86
		{E3D34B63-D34E-492D-AE3A-87C53E719A5C}.Debug Monitor 2|x86.ActiveCfg = Debug|x86
		{E3D34B63-D34E-492D-AE3A-87C53E719A5C}.Debug|Any CPU.ActiveCfg = Debug|x86
		{E3D34B63-D34E-492D-AE3A-87C53E719A5C}.Debug|Mixed Platforms.ActiveCfg = Debug|x86
		{E3D34B63-D34E-492D-AE3A-87C53E719A5C}.Debug|x86.ActiveCfg = Debug|x86
		{E3D34B63-D34E-492D-AE3A-87C53E719A5C}.Release|Any CPU.ActiveCfg = Release|x86
		{E3D34B63-D34E-492D-AE3A-87C53E719A5C}.Release|Mixed Platforms.ActiveCfg = Release|x86
		{E3D34B63-D34E-492D-AE3A-87C53E719A5C}.Release|x86.ActiveCfg = Release|x86
		{1C2746A5-941A-45A4-88ED-149ACED08984}.Debug Monitor 2|Any CPU.ActiveCfg = Debug|Any CPU
		{1C2746A5-941A-45A4-88ED-149ACED08984}.Debug Monitor 2|Any CPU.Build.0 = Debug|Any CPU
		{1C2746A5-941A-45A4-88ED-149ACED08984}.Debug Monitor 2|Mixed Platforms.ActiveCfg = Debug|Any CPU
		{1C2746A5-941A-45A4-88ED-149ACED08984}.Debug Monitor 2|Mixed Platforms.Build.0 = Debug|Any CPU
		{1C2746A5-941A-45A4-88ED-149ACED08984}.Debug Monitor 2|x86.ActiveCfg = Debug|Any CPU
		{1C2746A5-941A-45A4-88ED-149ACED08984}.Debug|Any CPU.ActiveCfg = Debug|Any CPU
		{1C2746A5-941A-45A4-88ED-149ACED08984}.Debug|Any CPU.Build.0 = Debug|Any CPU
		{1C2746A5-941A-45A4-88ED-149ACED08984}.Debug|Mixed Platforms.ActiveCfg = Debug|Any CPU
		{1C2746A5-941A-45A4-88ED-149ACED08984}.Debug|Mixed Platforms.Build.0 = Debug|Any CPU
		{1C2746A5-941A-45A4-88ED-149ACED08984}.Debug|x86.ActiveCfg = Debug|Any CPU
		{1C2746A5-941A-45A4-88ED-149ACED08984}.Release|Any CPU.ActiveCfg = Release|Any CPU
		{1C2746A5-941A-45A4-88ED-149ACED08984}.Release|Any CPU.Build.0 = Release|Any CPU
		{1C2746A5-941A-45A4-88ED-149ACED08984}.Release|Mixed Platforms.ActiveCfg = Release|Any CPU
		{1C2746A5-941A-45A4-88ED-149ACED08984}.Release|Mixed Platforms.Build.0 = Release|Any CPU
		{1C2746A5-941A-45A4-88ED-149ACED08984}.Release|x86.ActiveCfg = Release|Any CPU
		{1AA1F8D6-1F77-44BF-8E6D-DCE4261F62D4}.Debug Monitor 2|Any CPU.ActiveCfg = Debug|x86
		{1AA1F8D6-1F77-44BF-8E6D-DCE4261F62D4}.Debug Monitor 2|Mixed Platforms.ActiveCfg = Debug|x86
		{1AA1F8D6-1F77-44BF-8E6D-DCE4261F62D4}.Debug Monitor 2|Mixed Platforms.Build.0 = Debug|x86
		{1AA1F8D6-1F77-44BF-8E6D-DCE4261F62D4}.Debug Monitor 2|x86.ActiveCfg = Debug|x86
		{1AA1F8D6-1F77-44BF-8E6D-DCE4261F62D4}.Debug Monitor 2|x86.Build.0 = Debug|x86
		{1AA1F8D6-1F77-44BF-8E6D-DCE4261F62D4}.Debug|Any CPU.ActiveCfg = Debug|x86
		{1AA1F8D6-1F77-44BF-8E6D-DCE4261F62D4}.Debug|Mixed Platforms.ActiveCfg = Debug|x86
		{1AA1F8D6-1F77-44BF-8E6D-DCE4261F62D4}.Debug|Mixed Platforms.Build.0 = Debug|x86
		{1AA1F8D6-1F77-44BF-8E6D-DCE4261F62D4}.Debug|x86.ActiveCfg = Debug|x86
		{1AA1F8D6-1F77-44BF-8E6D-DCE4261F62D4}.Debug|x86.Build.0 = Debug|x86
		{1AA1F8D6-1F77-44BF-8E6D-DCE4261F62D4}.Release|Any CPU.ActiveCfg = Release|x86
		{1AA1F8D6-1F77-44BF-8E6D-DCE4261F62D4}.Release|Mixed Platforms.ActiveCfg = Release|x86
		{1AA1F8D6-1F77-44BF-8E6D-DCE4261F62D4}.Release|Mixed Platforms.Build.0 = Release|x86
		{1AA1F8D6-1F77-44BF-8E6D-DCE4261F62D4}.Release|x86.ActiveCfg = Release|x86
		{1AA1F8D6-1F77-44BF-8E6D-DCE4261F62D4}.Release|x86.Build.0 = Release|x86
		{D30B070A-90AB-4613-9DBF-E099E5A9F367}.Debug Monitor 2|Any CPU.ActiveCfg = Debug|x86
		{D30B070A-90AB-4613-9DBF-E099E5A9F367}.Debug Monitor 2|Mixed Platforms.ActiveCfg = Debug|x86
		{D30B070A-90AB-4613-9DBF-E099E5A9F367}.Debug Monitor 2|x86.ActiveCfg = Debug|x86
		{D30B070A-90AB-4613-9DBF-E099E5A9F367}.Debug|Any CPU.ActiveCfg = Debug|x86
		{D30B070A-90AB-4613-9DBF-E099E5A9F367}.Debug|Mixed Platforms.ActiveCfg = Debug|x86
		{D30B070A-90AB-4613-9DBF-E099E5A9F367}.Debug|x86.ActiveCfg = Debug|x86
		{D30B070A-90AB-4613-9DBF-E099E5A9F367}.Release|Any CPU.ActiveCfg = Release|x86
		{D30B070A-90AB-4613-9DBF-E099E5A9F367}.Release|Mixed Platforms.ActiveCfg = Release|x86
		{D30B070A-90AB-4613-9DBF-E099E5A9F367}.Release|x86.ActiveCfg = Release|x86
		{251BCEDB-CC58-4266-B087-6D404A4A1785}.Debug Monitor 2|Any CPU.ActiveCfg = Debug|x86
		{251BCEDB-CC58-4266-B087-6D404A4A1785}.Debug Monitor 2|Mixed Platforms.ActiveCfg = Debug|x86
		{251BCEDB-CC58-4266-B087-6D404A4A1785}.Debug Monitor 2|Mixed Platforms.Build.0 = Debug|x86
		{251BCEDB-CC58-4266-B087-6D404A4A1785}.Debug Monitor 2|x86.ActiveCfg = Debug|x86
		{251BCEDB-CC58-4266-B087-6D404A4A1785}.Debug Monitor 2|x86.Build.0 = Debug|x86
		{251BCEDB-CC58-4266-B087-6D404A4A1785}.Debug|Any CPU.ActiveCfg = Debug|x86
		{251BCEDB-CC58-4266-B087-6D404A4A1785}.Debug|Mixed Platforms.ActiveCfg = Debug|x86
		{251BCEDB-CC58-4266-B087-6D404A4A1785}.Debug|Mixed Platforms.Build.0 = Debug|x86
		{251BCEDB-CC58-4266-B087-6D404A4A1785}.Debug|x86.ActiveCfg = Debug|x86
		{251BCEDB-CC58-4266-B087-6D404A4A1785}.Debug|x86.Build.0 = Debug|x86
		{251BCEDB-CC58-4266-B087-6D404A4A1785}.Release|Any CPU.ActiveCfg = Release|x86
		{251BCEDB-CC58-4266-B087-6D404A4A1785}.Release|Mixed Platforms.ActiveCfg = Release|x86
		{251BCEDB-CC58-4266-B087-6D404A4A1785}.Release|Mixed Platforms.Build.0 = Release|x86
		{251BCEDB-CC58-4266-B087-6D404A4A1785}.Release|x86.ActiveCfg = Release|x86
		{251BCEDB-CC58-4266-B087-6D404A4A1785}.Release|x86.Build.0 = Release|x86
		{E0213B35-D1FE-49A4-8A68-8A8413BF96FF}.Debug Monitor 2|Any CPU.ActiveCfg = Debug|x86
		{E0213B35-D1FE-49A4-8A68-8A8413BF96FF}.Debug Monitor 2|Mixed Platforms.ActiveCfg = Debug|x86
		{E0213B35-D1FE-49A4-8A68-8A8413BF96FF}.Debug Monitor 2|x86.ActiveCfg = Debug|x86
		{E0213B35-D1FE-49A4-8A68-8A8413BF96FF}.Debug|Any CPU.ActiveCfg = Debug|x86
		{E0213B35-D1FE-49A4-8A68-8A8413BF96FF}.Debug|Mixed Platforms.ActiveCfg = Debug|x86
		{E0213B35-D1FE-49A4-8A68-8A8413BF96FF}.Debug|x86.ActiveCfg = Debug|x86
		{E0213B35-D1FE-49A4-8A68-8A8413BF96FF}.Release|Any CPU.ActiveCfg = Release|x86
		{E0213B35-D1FE-49A4-8A68-8A8413BF96FF}.Release|Mixed Platforms.ActiveCfg = Release|x86
		{E0213B35-D1FE-49A4-8A68-8A8413BF96FF}.Release|x86.ActiveCfg = Release|x86
		{D22CD207-C59E-49BE-84C1-16E82ABB9B95}.Debug Monitor 2|Any CPU.ActiveCfg = Debug|x86
		{D22CD207-C59E-49BE-84C1-16E82ABB9B95}.Debug Monitor 2|Mixed Platforms.ActiveCfg = Debug|x86
		{D22CD207-C59E-49BE-84C1-16E82ABB9B95}.Debug Monitor 2|Mixed Platforms.Build.0 = Debug|x86
		{D22CD207-C59E-49BE-84C1-16E82ABB9B95}.Debug Monitor 2|x86.ActiveCfg = Debug|x86
		{D22CD207-C59E-49BE-84C1-16E82ABB9B95}.Debug Monitor 2|x86.Build.0 = Debug|x86
		{D22CD207-C59E-49BE-84C1-16E82ABB9B95}.Debug|Any CPU.ActiveCfg = Debug|x86
		{D22CD207-C59E-49BE-84C1-16E82ABB9B95}.Debug|Mixed Platforms.ActiveCfg = Debug|x86
		{D22CD207-C59E-49BE-84C1-16E82ABB9B95}.Debug|Mixed Platforms.Build.0 = Debug|x86
		{D22CD207-C59E-49BE-84C1-16E82ABB9B95}.Debug|x86.ActiveCfg = Debug|x86
		{D22CD207-C59E-49BE-84C1-16E82ABB9B95}.Debug|x86.Build.0 = Debug|x86
		{D22CD207-C59E-49BE-84C1-16E82ABB9B95}.Release|Any CPU.ActiveCfg = Release|x86
		{D22CD207-C59E-49BE-84C1-16E82ABB9B95}.Release|Mixed Platforms.ActiveCfg = Release|x86
		{D22CD207-C59E-49BE-84C1-16E82ABB9B95}.Release|Mixed Platforms.Build.0 = Release|x86
		{D22CD207-C59E-49BE-84C1-16E82ABB9B95}.Release|x86.ActiveCfg = Release|x86
		{D22CD207-C59E-49BE-84C1-16E82ABB9B95}.Release|x86.Build.0 = Release|x86
	EndGlobalSection
	GlobalSection(SolutionProperties) = preSolution
		HideSolutionNode = FALSE
	EndGlobalSection
EndGlobal
